# This file was autogenerated by Stack.
# You should not edit this file by hand.
# For more information, please see the documentation at:
#   https://docs.haskellstack.org/en/stable/topics/lock_files

packages: []
snapshots:
- completed:
    sha256: 8870894ef1ed4475f91adff5f360c053da680bdc5897aabc6c6557f03a617973
    size: 676904
    url: https://raw.githubusercontent.com/commercialhaskell/stackage-snapshots/master/nightly/2025/4/8.yaml
  original: nightly-2025-04-08
